
Microsoft Visual Studio Solution File, Format Version 12.00
# Visual Studio Version 16
VisualStudioVersion = 16.0.32106.194
MinimumVisualStudioVersion = 10.0.40219.1
Project("{FAE04EC0-301F-11D3-BF4B-00C04F79EFBC}") = "Obl_Opgave1", "Obl_Opgave1.csproj", "{03C384E6-7E5D-434B-BA03-7E0C461587CC}"
EndProject
Project("{FAE04EC0-301F-11D3-BF4B-00C04F79EFBC}") = "Obl_Opgave1Tests", "..\Obl_Opgave1Tests\Obl_Opgave1Tests.csproj", "{79639846-BE11-4E93-9BD3-8E670ADA377C}"
EndProject
Global
	GlobalSection(SolutionConfigurationPlatforms) = preSolution
		Debug|Any CPU = Debug|Any CPU
		Release|Any CPU = Release|Any CPU
	EndGlobalSection
	GlobalSection(ProjectConfigurationPlatforms) = postSolution
		{03C384E6-7E5D-434B-BA03-7E0C461587CC}.Debug|Any CPU.ActiveCfg = Debug|Any CPU
		{03C384E6-7E5D-434B-BA03-7E0C461587CC}.Debug|Any CPU.Build.0 = Debug|Any CPU
		{03C384E6-7E5D-434B-BA03-7E0C461587CC}.Release|Any CPU.ActiveCfg = Release|Any CPU
		{03C384E6-7E5D-434B-BA03-7E0C461587CC}.Release|Any CPU.Build.0 = Release|Any CPU
		{79639846-BE11-4E93-9BD3-8E670ADA377C}.Debug|Any CPU.ActiveCfg = Debug|Any CPU
		{79639846-BE11-4E93-9BD3-8E670ADA377C}.Debug|Any CPU.Build.0 = Debug|Any CPU
		{79639846-BE11-4E93-9BD3-8E670ADA377C}.Release|Any CPU.ActiveCfg = Release|Any CPU
		{79639846-BE11-4E93-9BD3-8E670ADA377C}.Release|Any CPU.Build.0 = Release|Any CPU
	EndGlobalSection
	GlobalSection(SolutionProperties) = preSolution
		HideSolutionNode = FALSE
	EndGlobalSection
	GlobalSection(ExtensibilityGlobals) = postSolution
		SolutionGuid = {646341AD-0889-4473-8926-186ABAEAEF48}
	EndGlobalSection
EndGlobal
